# This file is automatically @generated by Cargo.
# It is not intended for manual editing.
# Cargo.lock 用于记录程序的依赖，你自己永远也不需要碰这个文件，Cargo 会自动处理这个文件，这个文件在第一次运行 cargo build 时创建
# 升级 crate：
# $ cargo update
# 这个命令会：
# 1. 忽略 Cargo.lock 文件，并计算出所有符合 Cargo.toml 声明的最新版本。
# 2. 如果成功了，Cargo 会把这些版本写入 Cargo.lock 文件。
version = 3

[[package]]
name = "hello_cargo"
version = "0.1.0"
