# This file is automatically @generated by Cargo.
# It is not intended for manual editing.
version = 3

[[package]]
name = "add-one"
version = "0.1.0"
dependencies = [
 "sam_crate",
]

[[package]]
name = "adder"
version = "0.1.0"
dependencies = [
 "add-one",
 "sam_crate",
]

[[package]]
name = "sam_crate"
version = "0.1.0"
source = "registry+https://github.com/rust-lang/crates.io-index"
checksum = "7bdede0c5be0c566b3f13b7ffa6e8db505b57a52650de8714fb008a158680bd6"
